// !$*UTF8*$!
{
	archiveVersion = 1;
	classes = {
	};
	objectVersion = 46;
	objects = {

/* Begin PBXBuildFile section */
		D52EA0B31F9F8A2600C8EB48 /* AppDelegate.swift in Sources */ = {isa = PBXBuildFile; fileRef = D52EA0B21F9F8A2600C8EB48 /* AppDelegate.swift */; };
		D52EA0B51F9F8A2600C8EB48 /* Assets.xcassets in Resources */ = {isa = PBXBuildFile; fileRef = D52EA0B41F9F8A2600C8EB48 /* Assets.xcassets */; };
		D52EA0B81F9F8A2600C8EB48 /* MainMenu.xib in Resources */ = {isa = PBXBuildFile; fileRef = D52EA0B61F9F8A2600C8EB48 /* MainMenu.xib */; };
		D5CBD4451FA13C2100115484 /* StatusMenuController.swift in Sources */ = {isa = PBXBuildFile; fileRef = D5CBD4441FA13C2100115484 /* StatusMenuController.swift */; };
		D5E3516120C7EA4E003B95F3 /* Sparkle.framework in Frameworks */ = {isa = PBXBuildFile; fileRef = D5E3516020C7EA4E003B95F3 /* Sparkle.framework */; };
		D5E3516220C7EA8D003B95F3 /* Sparkle.framework in CopyFiles */ = {isa = PBXBuildFile; fileRef = D5E3516020C7EA4E003B95F3 /* Sparkle.framework */; settings = {ATTRIBUTES = (CodeSignOnCopy, RemoveHeadersOnCopy, ); }; };
/* End PBXBuildFile section */

/* Begin PBXCopyFilesBuildPhase section */
		D55E36F91FBF532600064EEB /* CopyFiles */ = {
			isa = PBXCopyFilesBuildPhase;
			buildActionMask = 2147483647;
			dstPath = "";
			dstSubfolderSpec = 10;
			files = (
				D5E3516220C7EA8D003B95F3 /* Sparkle.framework in CopyFiles */,
			);
			runOnlyForDeploymentPostprocessing = 0;
		};
/* End PBXCopyFilesBuildPhase section */

/* Begin PBXFileReference section */
		D52EA0AF1F9F8A2600C8EB48 /* BashBar.app */ = {isa = PBXFileReference; explicitFileType = wrapper.application; includeInIndex = 0; path = BashBar.app; sourceTree = BUILT_PRODUCTS_DIR; };
		D52EA0B21F9F8A2600C8EB48 /* AppDelegate.swift */ = {isa = PBXFileReference; lastKnownFileType = sourcecode.swift; path = AppDelegate.swift; sourceTree = "<group>"; };
		D52EA0B41F9F8A2600C8EB48 /* Assets.xcassets */ = {isa = PBXFileReference; lastKnownFileType = folder.assetcatalog; path = Assets.xcassets; sourceTree = "<group>"; };
		D52EA0B71F9F8A2600C8EB48 /* Base */ = {isa = PBXFileReference; lastKnownFileType = file.xib; name = Base; path = Base.lproj/MainMenu.xib; sourceTree = "<group>"; };
		D52EA0B91F9F8A2600C8EB48 /* Info.plist */ = {isa = PBXFileReference; lastKnownFileType = text.plist.xml; path = Info.plist; sourceTree = "<group>"; };
		D52EA0BA1F9F8A2600C8EB48 /* BashBar.entitlements */ = {isa = PBXFileReference; lastKnownFileType = text.plist.entitlements; path = BashBar.entitlements; sourceTree = "<group>"; };
		D5CBD4441FA13C2100115484 /* StatusMenuController.swift */ = {isa = PBXFileReference; lastKnownFileType = sourcecode.swift; path = StatusMenuController.swift; sourceTree = "<group>"; };
		D5E3516020C7EA4E003B95F3 /* Sparkle.framework */ = {isa = PBXFileReference; lastKnownFileType = wrapper.framework; path = Sparkle.framework; sourceTree = "<group>"; };
/* End PBXFileReference section */

/* Begin PBXFrameworksBuildPhase section */
		D52EA0AC1F9F8A2600C8EB48 /* Frameworks */ = {
			isa = PBXFrameworksBuildPhase;
			buildActionMask = 2147483647;
			files = (
				D5E3516120C7EA4E003B95F3 /* Sparkle.framework in Frameworks */,
			);
			runOnlyForDeploymentPostprocessing = 0;
		};
/* End PBXFrameworksBuildPhase section */

/* Begin PBXGroup section */
		D52EA0A61F9F8A2600C8EB48 = {
			isa = PBXGroup;
			children = (
				D52EA0B11F9F8A2600C8EB48 /* BashBar */,
				D52EA0B01F9F8A2600C8EB48 /* Products */,
				D5E3515920C7E783003B95F3 /* Frameworks */,
			);
			sourceTree = "<group>";
		};
		D52EA0B01F9F8A2600C8EB48 /* Products */ = {
			isa = PBXGroup;
			children = (
				D52EA0AF1F9F8A2600C8EB48 /* BashBar.app */,
			);
			name = Products;
			sourceTree = "<group>";
		};
		D52EA0B11F9F8A2600C8EB48 /* BashBar */ = {
			isa = PBXGroup;
			children = (
				D52EA0B21F9F8A2600C8EB48 /* AppDelegate.swift */,
				D5CBD4441FA13C2100115484 /* StatusMenuController.swift */,
				D52EA0B41F9F8A2600C8EB48 /* Assets.xcassets */,
				D52EA0B61F9F8A2600C8EB48 /* MainMenu.xib */,
				D52EA0B91F9F8A2600C8EB48 /* Info.plist */,
				D52EA0BA1F9F8A2600C8EB48 /* BashBar.entitlements */,
			);
			path = BashBar;
			sourceTree = "<group>";
		};
		D5E3515920C7E783003B95F3 /* Frameworks */ = {
			isa = PBXGroup;
			children = (
				D5E3516020C7EA4E003B95F3 /* Sparkle.framework */,
			);
			name = Frameworks;
			sourceTree = "<group>";
		};
/* End PBXGroup section */

/* Begin PBXNativeTarget section */
		D52EA0AE1F9F8A2600C8EB48 /* BashBar */ = {
			isa = PBXNativeTarget;
			buildConfigurationList = D52EA0BD1F9F8A2600C8EB48 /* Build configuration list for PBXNativeTarget "BashBar" */;
			buildPhases = (
				D52EA0AB1F9F8A2600C8EB48 /* Sources */,
				D52EA0AC1F9F8A2600C8EB48 /* Frameworks */,
				D52EA0AD1F9F8A2600C8EB48 /* Resources */,
				D55E36F91FBF532600064EEB /* CopyFiles */,
			);
			buildRules = (
			);
			dependencies = (
			);
			name = BashBar;
			productName = BashBar;
			productReference = D52EA0AF1F9F8A2600C8EB48 /* BashBar.app */;
			productType = "com.apple.product-type.application";
		};
/* End PBXNativeTarget section */

/* Begin PBXProject section */
		D52EA0A71F9F8A2600C8EB48 /* Project object */ = {
			isa = PBXProject;
			attributes = {
				LastSwiftUpdateCheck = 0900;
				LastUpgradeCheck = 0940;
				ORGANIZATIONNAME = "Tom Brek";
				TargetAttributes = {
					D52EA0AE1F9F8A2600C8EB48 = {
						CreatedOnToolsVersion = 9.0.1;
						DevelopmentTeam = UJTM88G62N;
						ProvisioningStyle = Automatic;
						SystemCapabilities = {
							com.apple.Sandbox = {
								enabled = 0;
							};
						};
					};
				};
			};
			buildConfigurationList = D52EA0AA1F9F8A2600C8EB48 /* Build configuration list for PBXProject "BashBar" */;
			compatibilityVersion = "Xcode 3.2";
			developmentRegion = en;
			hasScannedForEncodings = 0;
			knownRegions = (
				en,
				Base,
			);
			mainGroup = D52EA0A61F9F8A2600C8EB48;
			productRefGroup = D52EA0B01F9F8A2600C8EB48 /* Products */;
			projectDirPath = "";
			projectRoot = "";
			targets = (
				D52EA0AE1F9F8A2600C8EB48 /* BashBar */,
			);
		};
/* End PBXProject section */

/* Begin PBXResourcesBuildPhase section */
		D52EA0AD1F9F8A2600C8EB48 /* Resources */ = {
			isa = PBXResourcesBuildPhase;
			buildActionMask = 2147483647;
			files = (
				D52EA0B51F9F8A2600C8EB48 /* Assets.xcassets in Resources */,
				D52EA0B81F9F8A2600C8EB48 /* MainMenu.xib in Resources */,
			);
			runOnlyForDeploymentPostprocessing = 0;
		};
/* End PBXResourcesBuildPhase section */

/* Begin PBXSourcesBuildPhase section */
		D52EA0AB1F9F8A2600C8EB48 /* Sources */ = {
			isa = PBXSourcesBuildPhase;
			buildActionMask = 2147483647;
			files = (
				D5CBD4451FA13C2100115484 /* StatusMenuController.swift in Sources */,
				D52EA0B31F9F8A2600C8EB48 /* AppDelegate.swift in Sources */,
			);
			runOnlyForDeploymentPostprocessing = 0;
		};
/* End PBXSourcesBuildPhase section */

/* Begin PBXVariantGroup section */
		D52EA0B61F9F8A2600C8EB48 /* MainMenu.xib */ = {
			isa = PBXVariantGroup;
			children = (
				D52EA0B71F9F8A2600C8EB48 /* Base */,
			);
			name = MainMenu.xib;
			sourceTree = "<group>";
		};
/* End PBXVariantGroup section */

/* Begin XCBuildConfiguration section */
		D52EA0BB1F9F8A2600C8EB48 /* Debug */ = {
			isa = XCBuildConfiguration;
			buildSettings = {
				ALWAYS_SEARCH_USER_PATHS = NO;
				CLANG_ANALYZER_NONNULL = YES;
				CLANG_ANALYZER_NUMBER_OBJECT_CONVERSION = YES_AGGRESSIVE;
				CLANG_CXX_LANGUAGE_STANDARD = "gnu++14";
				CLANG_CXX_LIBRARY = "libc++";
				CLANG_ENABLE_MODULES = YES;
				CLANG_ENABLE_OBJC_ARC = YES;
				CLANG_WARN_BLOCK_CAPTURE_AUTORELEASING = YES;
				CLANG_WARN_BOOL_CONVERSION = YES;
				CLANG_WARN_COMMA = YES;
				CLANG_WARN_CONSTANT_CONVERSION = YES;
				CLANG_WARN_DEPRECATED_OBJC_IMPLEMENTATIONS = YES;
				CLANG_WARN_DIRECT_OBJC_ISA_USAGE = YES_ERROR;
				CLANG_WARN_DOCUMENTATION_COMMENTS = YES;
				CLANG_WARN_EMPTY_BODY = YES;
				CLANG_WARN_ENUM_CONVERSION = YES;
				CLANG_WARN_INFINITE_RECURSION = YES;
				CLANG_WARN_INT_CONVERSION = YES;
				CLANG_WARN_NON_LITERAL_NULL_CONVERSION = YES;
				CLANG_WARN_OBJC_IMPLICIT_RETAIN_SELF = YES;
				CLANG_WARN_OBJC_LITERAL_CONVERSION = YES;
				CLANG_WARN_OBJC_ROOT_CLASS = YES_ERROR;
				CLANG_WARN_RANGE_LOOP_ANALYSIS = YES;
				CLANG_WARN_STRICT_PROTOTYPES = YES;
				CLANG_WARN_SUSPICIOUS_MOVE = YES;
				CLANG_WARN_UNGUARDED_AVAILABILITY = YES_AGGRESSIVE;
				CLANG_WARN_UNREACHABLE_CODE = YES;
				CLANG_WARN__DUPLICATE_METHOD_MATCH = YES;
				CODE_SIGN_IDENTITY = "";
				COPY_PHASE_STRIP = NO;
				DEBUG_INFORMATION_FORMAT = dwarf;
				DEVELOPMENT_TEAM = UJTM88G62N;
				EMBED_ASSET_PACKS_IN_PRODUCT_BUNDLE = YES;
				ENABLE_STRICT_OBJC_MSGSEND = YES;
				ENABLE_TESTABILITY = YES;
				GCC_C_LANGUAGE_STANDARD = gnu11;
				GCC_DYNAMIC_NO_PIC = NO;
				GCC_NO_COMMON_BLOCKS = YES;
				GCC_OPTIMIZATION_LEVEL = 0;
				GCC_PREPROCESSOR_DEFINITIONS = (
					"DEBUG=1",
					"$(inherited)",
				);
				GCC_WARN_64_TO_32_BIT_CONVERSION = YES;
				GCC_WARN_ABOUT_RETURN_TYPE = YES_ERROR;
				GCC_WARN_UNDECLARED_SELECTOR = YES;
				GCC_WARN_UNINITIALIZED_AUTOS = YES_AGGRESSIVE;
				GCC_WARN_UNUSED_FUNCTION = YES;
				GCC_WARN_UNUSED_VARIABLE = YES;
				MACOSX_DEPLOYMENT_TARGET = 10.11;
				MTL_ENABLE_DEBUG_INFO = YES;
				ONLY_ACTIVE_ARCH = YES;
				SDKROOT = macosx;
				SWIFT_ACTIVE_COMPILATION_CONDITIONS = DEBUG;
				SWIFT_OPTIMIZATION_LEVEL = "-Onone";
			};
			name = Debug;
		};
		D52EA0BC1F9F8A2600C8EB48 /* Release */ = {
			isa = XCBuildConfiguration;
			buildSettings = {
				ALWAYS_SEARCH_USER_PATHS = NO;
				CLANG_ANALYZER_NONNULL = YES;
				CLANG_ANALYZER_NUMBER_OBJECT_CONVERSION = YES_AGGRESSIVE;
				CLANG_CXX_LANGUAGE_STANDARD = "gnu++14";
				CLANG_CXX_LIBRARY = "libc++";
				CLANG_ENABLE_MODULES = YES;
				CLANG_ENABLE_OBJC_ARC = YES;
				CLANG_WARN_BLOCK_CAPTURE_AUTORELEASING = YES;
				CLANG_WARN_BOOL_CONVERSION = YES;
				CLANG_WARN_COMMA = YES;
				CLANG_WARN_CONSTANT_CONVERSION = YES;
				CLANG_WARN_DEPRECATED_OBJC_IMPLEMENTATIONS = YES;
				CLANG_WARN_DIRECT_OBJC_ISA_USAGE = YES_ERROR;
				CLANG_WARN_DOCUMENTATION_COMMENTS = YES;
				CLANG_WARN_EMPTY_BODY = YES;
				CLANG_WARN_ENUM_CONVERSION = YES;
				CLANG_WARN_INFINITE_RECURSION = YES;
				CLANG_WARN_INT_CONVERSION = YES;
				CLANG_WARN_NON_LITERAL_NULL_CONVERSION = YES;
				CLANG_WARN_OBJC_IMPLICIT_RETAIN_SELF = YES;
				CLANG_WARN_OBJC_LITERAL_CONVERSION = YES;
				CLANG_WARN_OBJC_ROOT_CLASS = YES_ERROR;
				CLANG_WARN_RANGE_LOOP_ANALYSIS = YES;
				CLANG_WARN_STRICT_PROTOTYPES = YES;
				CLANG_WARN_SUSPICIOUS_MOVE = YES;
				CLANG_WARN_UNGUARDED_AVAILABILITY = YES_AGGRESSIVE;
				CLANG_WARN_UNREACHABLE_CODE = YES;
				CLANG_WARN__DUPLICATE_METHOD_MATCH = YES;
				CODE_SIGN_IDENTITY = "";
				COPY_PHASE_STRIP = NO;
				DEBUG_INFORMATION_FORMAT = "dwarf-with-dsym";
				DEVELOPMENT_TEAM = UJTM88G62N;
				EMBED_ASSET_PACKS_IN_PRODUCT_BUNDLE = YES;
				ENABLE_NS_ASSERTIONS = NO;
				ENABLE_STRICT_OBJC_MSGSEND = YES;
				GCC_C_LANGUAGE_STANDARD = gnu11;
				GCC_NO_COMMON_BLOCKS = YES;
				GCC_WARN_64_TO_32_BIT_CONVERSION = YES;
				GCC_WARN_ABOUT_RETURN_TYPE = YES_ERROR;
				GCC_WARN_UNDECLARED_SELECTOR = YES;
				GCC_WARN_UNINITIALIZED_AUTOS = YES_AGGRESSIVE;
				GCC_WARN_UNUSED_FUNCTION = YES;
				GCC_WARN_UNUSED_VARIABLE = YES;
				MACOSX_DEPLOYMENT_TARGET = 10.11;
				MTL_ENABLE_DEBUG_INFO = NO;
				SDKROOT = macosx;
				SWIFT_OPTIMIZATION_LEVEL = "-Owholemodule";
			};
			name = Release;
		};
		D52EA0BE1F9F8A2600C8EB48 /* Debug */ = {
			isa = XCBuildConfiguration;
			buildSettings = {
				ASSETCATALOG_COMPILER_APPICON_NAME = AppIcon;
				CODE_SIGN_IDENTITY = "Mac Developer";
				CODE_SIGN_STYLE = Automatic;
				COMBINE_HIDPI_IMAGES = YES;
				DEVELOPMENT_TEAM = UJTM88G62N;
				FRAMEWORK_SEARCH_PATHS = (
					"$(inherited)",
					"$(PROJECT_DIR)",
				);
				INFOPLIST_FILE = BashBar/Info.plist;
				LD_RUNPATH_SEARCH_PATHS = "$(inherited) @loader_path/../Frameworks";
				MACOSX_DEPLOYMENT_TARGET = 10.12;
				PRODUCT_BUNDLE_IDENTIFIER = com.tbrek.BashBar;
				PRODUCT_NAME = "$(TARGET_NAME)";
				PROVISIONING_PROFILE_SPECIFIER = "";
				SWIFT_VERSION = 4.0;
			};
			name = Debug;
		};
		D52EA0BF1F9F8A2600C8EB48 /* Release */ = {
			isa = XCBuildConfiguration;
			buildSettings = {
				ASSETCATALOG_COMPILER_APPICON_NAME = AppIcon;
				CODE_SIGN_IDENTITY = "Mac Developer";
				CODE_SIGN_STYLE = Automatic;
				COMBINE_HIDPI_IMAGES = YES;
				DEVELOPMENT_TEAM = UJTM88G62N;
				FRAMEWORK_SEARCH_PATHS = (
					"$(inherited)",
					"$(PROJECT_DIR)",
				);
				INFOPLIST_FILE = BashBar/Info.plist;
				LD_RUNPATH_SEARCH_PATHS = "$(inherited) @loader_path/../Frameworks";
				MACOSX_DEPLOYMENT_TARGET = 10.12;
				PRODUCT_BUNDLE_IDENTIFIER = com.tbrek.BashBar;
				PRODUCT_NAME = "$(TARGET_NAME)";
				PROVISIONING_PROFILE_SPECIFIER = "";
				SWIFT_VERSION = 4.0;
			};
			name = Release;
		};
/* End XCBuildConfiguration section */

/* Begin XCConfigurationList section */
		D52EA0AA1F9F8A2600C8EB48 /* Build configuration list for PBXProject "BashBar" */ = {
			isa = XCConfigurationList;
			buildConfigurations = (
				D52EA0BB1F9F8A2600C8EB48 /* Debug */,
				D52EA0BC1F9F8A2600C8EB48 /* Release */,
			);
			defaultConfigurationIsVisible = 0;
			defaultConfigurationName = Release;
		};
		D52EA0BD1F9F8A2600C8EB48 /* Build configuration list for PBXNativeTarget "BashBar" */ = {
			isa = XCConfigurationList;
			buildConfigurations = (
				D52EA0BE1F9F8A2600C8EB48 /* Debug */,
				D52EA0BF1F9F8A2600C8EB48 /* Release */,
			);
			defaultConfigurationIsVisible = 0;
			defaultConfigurationName = Release;
		};
/* End XCConfigurationList section */
	};
	rootObject = D52EA0A71F9F8A2600C8EB48 /* Project object */;
}
